
Microsoft Visual Studio Solution File, Format Version 12.00
# Visual Studio Version 16
VisualStudioVersion = 16.0.31321.278
MinimumVisualStudioVersion = 10.0.40219.1
Project("{FAE04EC0-301F-11D3-BF4B-00C04F79EFBC}") = "SalesXamarin.UWP", "SalesXamarin\SalesXamarin.UWP\SalesXamarin.UWP.csproj", "{8FE3430F-8AB5-41FC-AC99-1FFA75A541B1}"
EndProject
Project("{FAE04EC0-301F-11D3-BF4B-00C04F79EFBC}") = "SalesXamarin.Android", "SalesXamarin\SalesXamarin.Android\SalesXamarin.Android.csproj", "{0337518D-4C0C-4274-BD44-1288685CD817}"
EndProject
Project("{FAE04EC0-301F-11D3-BF4B-00C04F79EFBC}") = "SalesXamarin.iOS", "SalesXamarin\SalesXamarin.iOS\SalesXamarin.iOS.csproj", "{B14D07D5-0DD1-4D15-BE0F-91AD72A6C245}"
EndProject
Project("{FAE04EC0-301F-11D3-BF4B-00C04F79EFBC}") = "SalesXamarin", "SalesXamarin\SalesXamarin\SalesXamarin.csproj", "{7A70ED9F-D64E-4E7D-AC1C-A870CE404970}"
EndProject
Project("{FAE04EC0-301F-11D3-BF4B-00C04F79EFBC}") = "SalesXamarin.Backend", "SalesXamarin.Backend\SalesXamarin.Backend.csproj", "{FFFCF346-7B0A-41A4-94CC-8F029451EFE6}"
EndProject
Project("{FAE04EC0-301F-11D3-BF4B-00C04F79EFBC}") = "SalesXamarin.API", "SalesXamarin.API\SalesXamarin.API.csproj", "{970E31F2-1966-42AA-820F-D13E28FA960D}"
EndProject
Project("{FAE04EC0-301F-11D3-BF4B-00C04F79EFBC}") = "SalesXamarin.Domain", "SalesXamarin.Domain\SalesXamarin.Domain.csproj", "{39DF404C-9E3D-47EF-909D-B41237F9C866}"
EndProject
Project("{FAE04EC0-301F-11D3-BF4B-00C04F79EFBC}") = "SalesXamarin.Common", "SalesXamarin.Common\SalesXamarin.Common.csproj", "{68A36690-1934-4E57-B1AF-B28BD3320436}"
EndProject
Global
	GlobalSection(SolutionConfigurationPlatforms) = preSolution
		Debug|Any CPU = Debug|Any CPU
		Debug|ARM = Debug|ARM
		Debug|iPhone = Debug|iPhone
		Debug|iPhoneSimulator = Debug|iPhoneSimulator
		Debug|x64 = Debug|x64
		Debug|x86 = Debug|x86
		Release|Any CPU = Release|Any CPU
		Release|ARM = Release|ARM
		Release|iPhone = Release|iPhone
		Release|iPhoneSimulator = Release|iPhoneSimulator
		Release|x64 = Release|x64
		Release|x86 = Release|x86
	EndGlobalSection
	GlobalSection(ProjectConfigurationPlatforms) = postSolution
		{8FE3430F-8AB5-41FC-AC99-1FFA75A541B1}.Debug|Any CPU.ActiveCfg = Debug|x86
		{8FE3430F-8AB5-41FC-AC99-1FFA75A541B1}.Debug|Any CPU.Build.0 = Debug|x86
		{8FE3430F-8AB5-41FC-AC99-1FFA75A541B1}.Debug|Any CPU.Deploy.0 = Debug|x86
		{8FE3430F-8AB5-41FC-AC99-1FFA75A541B1}.Debug|ARM.ActiveCfg = Debug|ARM
		{8FE3430F-8AB5-41FC-AC99-1FFA75A541B1}.Debug|ARM.Build.0 = Debug|ARM
		{8FE3430F-8AB5-41FC-AC99-1FFA75A541B1}.Debug|ARM.Deploy.0 = Debug|ARM
		{8FE3430F-8AB5-41FC-AC99-1FFA75A541B1}.Debug|iPhone.ActiveCfg = Debug|x86
		{8FE3430F-8AB5-41FC-AC99-1FFA75A541B1}.Debug|iPhone.Build.0 = Debug|x86
		{8FE3430F-8AB5-41FC-AC99-1FFA75A541B1}.Debug|iPhone.Deploy.0 = Debug|x86
		{8FE3430F-8AB5-41FC-AC99-1FFA75A541B1}.Debug|iPhoneSimulator.ActiveCfg = Debug|x86
		{8FE3430F-8AB5-41FC-AC99-1FFA75A541B1}.Debug|iPhoneSimulator.Build.0 = Debug|x86
		{8FE3430F-8AB5-41FC-AC99-1FFA75A541B1}.Debug|iPhoneSimulator.Deploy.0 = Debug|x86
		{8FE3430F-8AB5-41FC-AC99-1FFA75A541B1}.Debug|x64.ActiveCfg = Debug|x64
		{8FE3430F-8AB5-41FC-AC99-1FFA75A541B1}.Debug|x64.Build.0 = Debug|x64
		{8FE3430F-8AB5-41FC-AC99-1FFA75A541B1}.Debug|x64.Deploy.0 = Debug|x64
		{8FE3430F-8AB5-41FC-AC99-1FFA75A541B1}.Debug|x86.ActiveCfg = Debug|x86
		{8FE3430F-8AB5-41FC-AC99-1FFA75A541B1}.Debug|x86.Build.0 = Debug|x86
		{8FE3430F-8AB5-41FC-AC99-1FFA75A541B1}.Debug|x86.Deploy.0 = Debug|x86
		{8FE3430F-8AB5-41FC-AC99-1FFA75A541B1}.Release|Any CPU.ActiveCfg = Release|x86
		{8FE3430F-8AB5-41FC-AC99-1FFA75A541B1}.Release|Any CPU.Build.0 = Release|x86
		{8FE3430F-8AB5-41FC-AC99-1FFA75A541B1}.Release|Any CPU.Deploy.0 = Release|x86
		{8FE3430F-8AB5-41FC-AC99-1FFA75A541B1}.Release|ARM.ActiveCfg = Release|ARM
		{8FE3430F-8AB5-41FC-AC99-1FFA75A541B1}.Release|ARM.Build.0 = Release|ARM
		{8FE3430F-8AB5-41FC-AC99-1FFA75A541B1}.Release|ARM.Deploy.0 = Release|ARM
		{8FE3430F-8AB5-41FC-AC99-1FFA75A541B1}.Release|iPhone.ActiveCfg = Release|x86
		{8FE3430F-8AB5-41FC-AC99-1FFA75A541B1}.Release|iPhone.Build.0 = Release|x86
		{8FE3430F-8AB5-41FC-AC99-1FFA75A541B1}.Release|iPhone.Deploy.0 = Release|x86
		{8FE3430F-8AB5-41FC-AC99-1FFA75A541B1}.Release|iPhoneSimulator.ActiveCfg = Release|x86
		{8FE3430F-8AB5-41FC-AC99-1FFA75A541B1}.Release|iPhoneSimulator.Build.0 = Release|x86
		{8FE3430F-8AB5-41FC-AC99-1FFA75A541B1}.Release|iPhoneSimulator.Deploy.0 = Release|x86
		{8FE3430F-8AB5-41FC-AC99-1FFA75A541B1}.Release|x64.ActiveCfg = Release|x64
		{8FE3430F-8AB5-41FC-AC99-1FFA75A541B1}.Release|x64.Build.0 = Release|x64
		{8FE3430F-8AB5-41FC-AC99-1FFA75A541B1}.Release|x64.Deploy.0 = Release|x64
		{8FE3430F-8AB5-41FC-AC99-1FFA75A541B1}.Release|x86.ActiveCfg = Release|x86
		{8FE3430F-8AB5-41FC-AC99-1FFA75A541B1}.Release|x86.Build.0 = Release|x86
		{8FE3430F-8AB5-41FC-AC99-1FFA75A541B1}.Release|x86.Deploy.0 = Release|x86
		{0337518D-4C0C-4274-BD44-1288685CD817}.Debug|Any CPU.ActiveCfg = Debug|Any CPU
		{0337518D-4C0C-4274-BD44-1288685CD817}.Debug|Any CPU.Build.0 = Debug|Any CPU
		{0337518D-4C0C-4274-BD44-1288685CD817}.Debug|Any CPU.Deploy.0 = Debug|Any CPU
		{0337518D-4C0C-4274-BD44-1288685CD817}.Debug|ARM.ActiveCfg = Debug|Any CPU
		{0337518D-4C0C-4274-BD44-1288685CD817}.Debug|ARM.Build.0 = Debug|Any CPU
		{0337518D-4C0C-4274-BD44-1288685CD817}.Debug|ARM.Deploy.0 = Debug|Any CPU
		{0337518D-4C0C-4274-BD44-1288685CD817}.Debug|iPhone.ActiveCfg = Debug|Any CPU
		{0337518D-4C0C-4274-BD44-1288685CD817}.Debug|iPhone.Build.0 = Debug|Any CPU
		{0337518D-4C0C-4274-BD44-1288685CD817}.Debug|iPhone.Deploy.0 = Debug|Any CPU
		{0337518D-4C0C-4274-BD44-1288685CD817}.Debug|iPhoneSimulator.ActiveCfg = Debug|Any CPU
		{0337518D-4C0C-4274-BD44-1288685CD817}.Debug|iPhoneSimulator.Build.0 = Debug|Any CPU
		{0337518D-4C0C-4274-BD44-1288685CD817}.Debug|iPhoneSimulator.Deploy.0 = Debug|Any CPU
		{0337518D-4C0C-4274-BD44-1288685CD817}.Debug|x64.ActiveCfg = Debug|Any CPU
		{0337518D-4C0C-4274-BD44-1288685CD817}.Debug|x64.Build.0 = Debug|Any CPU
		{0337518D-4C0C-4274-BD44-1288685CD817}.Debug|x64.Deploy.0 = Debug|Any CPU
		{0337518D-4C0C-4274-BD44-1288685CD817}.Debug|x86.ActiveCfg = Debug|Any CPU
		{0337518D-4C0C-4274-BD44-1288685CD817}.Debug|x86.Build.0 = Debug|Any CPU
		{0337518D-4C0C-4274-BD44-1288685CD817}.Debug|x86.Deploy.0 = Debug|Any CPU
		{0337518D-4C0C-4274-BD44-1288685CD817}.Release|Any CPU.ActiveCfg = Release|Any CPU
		{0337518D-4C0C-4274-BD44-1288685CD817}.Release|Any CPU.Build.0 = Release|Any CPU
		{0337518D-4C0C-4274-BD44-1288685CD817}.Release|Any CPU.Deploy.0 = Release|Any CPU
		{0337518D-4C0C-4274-BD44-1288685CD817}.Release|ARM.ActiveCfg = Release|Any CPU
		{0337518D-4C0C-4274-BD44-1288685CD817}.Release|ARM.Build.0 = Release|Any CPU
		{0337518D-4C0C-4274-BD44-1288685CD817}.Release|ARM.Deploy.0 = Release|Any CPU
		{0337518D-4C0C-4274-BD44-1288685CD817}.Release|iPhone.ActiveCfg = Release|Any CPU
		{0337518D-4C0C-4274-BD44-1288685CD817}.Release|iPhone.Build.0 = Release|Any CPU
		{0337518D-4C0C-4274-BD44-1288685CD817}.Release|iPhone.Deploy.0 = Release|Any CPU
		{0337518D-4C0C-4274-BD44-1288685CD817}.Release|iPhoneSimulator.ActiveCfg = Release|Any CPU
		{0337518D-4C0C-4274-BD44-1288685CD817}.Release|iPhoneSimulator.Build.0 = Release|Any CPU
		{0337518D-4C0C-4274-BD44-1288685CD817}.Release|iPhoneSimulator.Deploy.0 = Release|Any CPU
		{0337518D-4C0C-4274-BD44-1288685CD817}.Release|x64.ActiveCfg = Release|Any CPU
		{0337518D-4C0C-4274-BD44-1288685CD817}.Release|x64.Build.0 = Release|Any CPU
		{0337518D-4C0C-4274-BD44-1288685CD817}.Release|x64.Deploy.0 = Release|Any CPU
		{0337518D-4C0C-4274-BD44-1288685CD817}.Release|x86.ActiveCfg = Release|Any CPU
		{0337518D-4C0C-4274-BD44-1288685CD817}.Release|x86.Build.0 = Release|Any CPU
		{0337518D-4C0C-4274-BD44-1288685CD817}.Release|x86.Deploy.0 = Release|Any CPU
		{B14D07D5-0DD1-4D15-BE0F-91AD72A6C245}.Debug|Any CPU.ActiveCfg = Debug|iPhoneSimulator
		{B14D07D5-0DD1-4D15-BE0F-91AD72A6C245}.Debug|Any CPU.Build.0 = Debug|iPhoneSimulator
		{B14D07D5-0DD1-4D15-BE0F-91AD72A6C245}.Debug|Any CPU.Deploy.0 = Debug|iPhoneSimulator
		{B14D07D5-0DD1-4D15-BE0F-91AD72A6C245}.Debug|ARM.ActiveCfg = Debug|iPhone
		{B14D07D5-0DD1-4D15-BE0F-91AD72A6C245}.Debug|ARM.Build.0 = Debug|iPhone
		{B14D07D5-0DD1-4D15-BE0F-91AD72A6C245}.Debug|ARM.Deploy.0 = Debug|iPhone
		{B14D07D5-0DD1-4D15-BE0F-91AD72A6C245}.Debug|iPhone.ActiveCfg = Debug|iPhone
		{B14D07D5-0DD1-4D15-BE0F-91AD72A6C245}.Debug|iPhone.Build.0 = Debug|iPhone
		{B14D07D5-0DD1-4D15-BE0F-91AD72A6C245}.Debug|iPhone.Deploy.0 = Debug|iPhone
		{B14D07D5-0DD1-4D15-BE0F-91AD72A6C245}.Debug|iPhoneSimulator.ActiveCfg = Debug|iPhoneSimulator
		{B14D07D5-0DD1-4D15-BE0F-91AD72A6C245}.Debug|iPhoneSimulator.Build.0 = Debug|iPhoneSimulator
		{B14D07D5-0DD1-4D15-BE0F-91AD72A6C245}.Debug|iPhoneSimulator.Deploy.0 = Debug|iPhoneSimulator
		{B14D07D5-0DD1-4D15-BE0F-91AD72A6C245}.Debug|x64.ActiveCfg = Debug|iPhoneSimulator
		{B14D07D5-0DD1-4D15-BE0F-91AD72A6C245}.Debug|x64.Build.0 = Debug|iPhoneSimulator
		{B14D07D5-0DD1-4D15-BE0F-91AD72A6C245}.Debug|x64.Deploy.0 = Debug|iPhoneSimulator
		{B14D07D5-0DD1-4D15-BE0F-91AD72A6C245}.Debug|x86.ActiveCfg = Debug|iPhoneSimulator
		{B14D07D5-0DD1-4D15-BE0F-91AD72A6C245}.Debug|x86.Build.0 = Debug|iPhoneSimulator
		{B14D07D5-0DD1-4D15-BE0F-91AD72A6C245}.Debug|x86.Deploy.0 = Debug|iPhoneSimulator
		{B14D07D5-0DD1-4D15-BE0F-91AD72A6C245}.Release|Any CPU.ActiveCfg = Release|iPhoneSimulator
		{B14D07D5-0DD1-4D15-BE0F-91AD72A6C245}.Release|Any CPU.Build.0 = Release|iPhoneSimulator
		{B14D07D5-0DD1-4D15-BE0F-91AD72A6C245}.Release|Any CPU.Deploy.0 = Release|iPhoneSimulator
		{B14D07D5-0DD1-4D15-BE0F-91AD72A6C245}.Release|ARM.ActiveCfg = Release|iPhoneSimulator
		{B14D07D5-0DD1-4D15-BE0F-91AD72A6C245}.Release|ARM.Build.0 = Release|iPhoneSimulator
		{B14D07D5-0DD1-4D15-BE0F-91AD72A6C245}.Release|ARM.Deploy.0 = Release|iPhoneSimulator
		{B14D07D5-0DD1-4D15-BE0F-91AD72A6C245}.Release|iPhone.ActiveCfg = Release|iPhone
		{B14D07D5-0DD1-4D15-BE0F-91AD72A6C245}.Release|iPhone.Build.0 = Release|iPhone
		{B14D07D5-0DD1-4D15-BE0F-91AD72A6C245}.Release|iPhone.Deploy.0 = Release|iPhone
		{B14D07D5-0DD1-4D15-BE0F-91AD72A6C245}.Release|iPhoneSimulator.ActiveCfg = Release|iPhoneSimulator
		{B14D07D5-0DD1-4D15-BE0F-91AD72A6C245}.Release|iPhoneSimulator.Build.0 = Release|iPhoneSimulator
		{B14D07D5-0DD1-4D15-BE0F-91AD72A6C245}.Release|iPhoneSimulator.Deploy.0 = Release|iPhoneSimulator
		{B14D07D5-0DD1-4D15-BE0F-91AD72A6C245}.Release|x64.ActiveCfg = Release|iPhoneSimulator
		{B14D07D5-0DD1-4D15-BE0F-91AD72A6C245}.Release|x64.Build.0 = Release|iPhoneSimulator
		{B14D07D5-0DD1-4D15-BE0F-91AD72A6C245}.Release|x64.Deploy.0 = Release|iPhoneSimulator
		{B14D07D5-0DD1-4D15-BE0F-91AD72A6C245}.Release|x86.ActiveCfg = Release|iPhoneSimulator
		{B14D07D5-0DD1-4D15-BE0F-91AD72A6C245}.Release|x86.Build.0 = Release|iPhoneSimulator
		{B14D07D5-0DD1-4D15-BE0F-91AD72A6C245}.Release|x86.Deploy.0 = Release|iPhoneSimulator
		{7A70ED9F-D64E-4E7D-AC1C-A870CE404970}.Debug|Any CPU.ActiveCfg = Debug|Any CPU
		{7A70ED9F-D64E-4E7D-AC1C-A870CE404970}.Debug|Any CPU.Build.0 = Debug|Any CPU
		{7A70ED9F-D64E-4E7D-AC1C-A870CE404970}.Debug|Any CPU.Deploy.0 = Debug|Any CPU
		{7A70ED9F-D64E-4E7D-AC1C-A870CE404970}.Debug|ARM.ActiveCfg = Debug|Any CPU
		{7A70ED9F-D64E-4E7D-AC1C-A870CE404970}.Debug|ARM.Build.0 = Debug|Any CPU
		{7A70ED9F-D64E-4E7D-AC1C-A870CE404970}.Debug|ARM.Deploy.0 = Debug|Any CPU
		{7A70ED9F-D64E-4E7D-AC1C-A870CE404970}.Debug|iPhone.ActiveCfg = Debug|Any CPU
		{7A70ED9F-D64E-4E7D-AC1C-A870CE404970}.Debug|iPhone.Build.0 = Debug|Any CPU
		{7A70ED9F-D64E-4E7D-AC1C-A870CE404970}.Debug|iPhone.Deploy.0 = Debug|Any CPU
		{7A70ED9F-D64E-4E7D-AC1C-A870CE404970}.Debug|iPhoneSimulator.ActiveCfg = Debug|Any CPU
		{7A70ED9F-D64E-4E7D-AC1C-A870CE404970}.Debug|iPhoneSimulator.Build.0 = Debug|Any CPU
		{7A70ED9F-D64E-4E7D-AC1C-A870CE404970}.Debug|iPhoneSimulator.Deploy.0 = Debug|Any CPU
		{7A70ED9F-D64E-4E7D-AC1C-A870CE404970}.Debug|x64.ActiveCfg = Debug|Any CPU
		{7A70ED9F-D64E-4E7D-AC1C-A870CE404970}.Debug|x64.Build.0 = Debug|Any CPU
		{7A70ED9F-D64E-4E7D-AC1C-A870CE404970}.Debug|x64.Deploy.0 = Debug|Any CPU
		{7A70ED9F-D64E-4E7D-AC1C-A870CE404970}.Debug|x86.ActiveCfg = Debug|Any CPU
		{7A70ED9F-D64E-4E7D-AC1C-A870CE404970}.Debug|x86.Build.0 = Debug|Any CPU
		{7A70ED9F-D64E-4E7D-AC1C-A870CE404970}.Debug|x86.Deploy.0 = Debug|Any CPU
		{7A70ED9F-D64E-4E7D-AC1C-A870CE404970}.Release|Any CPU.ActiveCfg = Release|Any CPU
		{7A70ED9F-D64E-4E7D-AC1C-A870CE404970}.Release|Any CPU.Build.0 = Release|Any CPU
		{7A70ED9F-D64E-4E7D-AC1C-A870CE404970}.Release|Any CPU.Deploy.0 = Release|Any CPU
		{7A70ED9F-D64E-4E7D-AC1C-A870CE404970}.Release|ARM.ActiveCfg = Release|Any CPU
		{7A70ED9F-D64E-4E7D-AC1C-A870CE404970}.Release|ARM.Build.0 = Release|Any CPU
		{7A70ED9F-D64E-4E7D-AC1C-A870CE404970}.Release|ARM.Deploy.0 = Release|Any CPU
		{7A70ED9F-D64E-4E7D-AC1C-A870CE404970}.Release|iPhone.ActiveCfg = Release|Any CPU
		{7A70ED9F-D64E-4E7D-AC1C-A870CE404970}.Release|iPhone.Build.0 = Release|Any CPU
		{7A70ED9F-D64E-4E7D-AC1C-A870CE404970}.Release|iPhone.Deploy.0 = Release|Any CPU
		{7A70ED9F-D64E-4E7D-AC1C-A870CE404970}.Release|iPhoneSimulator.ActiveCfg = Release|Any CPU
		{7A70ED9F-D64E-4E7D-AC1C-A870CE404970}.Release|iPhoneSimulator.Build.0 = Release|Any CPU
		{7A70ED9F-D64E-4E7D-AC1C-A870CE404970}.Release|iPhoneSimulator.Deploy.0 = Release|Any CPU
		{7A70ED9F-D64E-4E7D-AC1C-A870CE404970}.Release|x64.ActiveCfg = Release|Any CPU
		{7A70ED9F-D64E-4E7D-AC1C-A870CE404970}.Release|x64.Build.0 = Release|Any CPU
		{7A70ED9F-D64E-4E7D-AC1C-A870CE404970}.Release|x64.Deploy.0 = Release|Any CPU
		{7A70ED9F-D64E-4E7D-AC1C-A870CE404970}.Release|x86.ActiveCfg = Release|Any CPU
		{7A70ED9F-D64E-4E7D-AC1C-A870CE404970}.Release|x86.Build.0 = Release|Any CPU
		{7A70ED9F-D64E-4E7D-AC1C-A870CE404970}.Release|x86.Deploy.0 = Release|Any CPU
		{FFFCF346-7B0A-41A4-94CC-8F029451EFE6}.Debug|Any CPU.ActiveCfg = Debug|Any CPU
		{FFFCF346-7B0A-41A4-94CC-8F029451EFE6}.Debug|Any CPU.Build.0 = Debug|Any CPU
		{FFFCF346-7B0A-41A4-94CC-8F029451EFE6}.Debug|ARM.ActiveCfg = Debug|Any CPU
		{FFFCF346-7B0A-41A4-94CC-8F029451EFE6}.Debug|ARM.Build.0 = Debug|Any CPU
		{FFFCF346-7B0A-41A4-94CC-8F029451EFE6}.Debug|iPhone.ActiveCfg = Debug|Any CPU
		{FFFCF346-7B0A-41A4-94CC-8F029451EFE6}.Debug|iPhone.Build.0 = Debug|Any CPU
		{FFFCF346-7B0A-41A4-94CC-8F029451EFE6}.Debug|iPhoneSimulator.ActiveCfg = Debug|Any CPU
		{FFFCF346-7B0A-41A4-94CC-8F029451EFE6}.Debug|iPhoneSimulator.Build.0 = Debug|Any CPU
		{FFFCF346-7B0A-41A4-94CC-8F029451EFE6}.Debug|x64.ActiveCfg = Debug|Any CPU
		{FFFCF346-7B0A-41A4-94CC-8F029451EFE6}.Debug|x64.Build.0 = Debug|Any CPU
		{FFFCF346-7B0A-41A4-94CC-8F029451EFE6}.Debug|x86.ActiveCfg = Debug|Any CPU
		{FFFCF346-7B0A-41A4-94CC-8F029451EFE6}.Debug|x86.Build.0 = Debug|Any CPU
		{FFFCF346-7B0A-41A4-94CC-8F029451EFE6}.Release|Any CPU.ActiveCfg = Release|Any CPU
		{FFFCF346-7B0A-41A4-94CC-8F029451EFE6}.Release|Any CPU.Build.0 = Release|Any CPU
		{FFFCF346-7B0A-41A4-94CC-8F029451EFE6}.Release|ARM.ActiveCfg = Release|Any CPU
		{FFFCF346-7B0A-41A4-94CC-8F029451EFE6}.Release|ARM.Build.0 = Release|Any CPU
		{FFFCF346-7B0A-41A4-94CC-8F029451EFE6}.Release|iPhone.ActiveCfg = Release|Any CPU
		{FFFCF346-7B0A-41A4-94CC-8F029451EFE6}.Release|iPhone.Build.0 = Release|Any CPU
		{FFFCF346-7B0A-41A4-94CC-8F029451EFE6}.Release|iPhoneSimulator.ActiveCfg = Release|Any CPU
		{FFFCF346-7B0A-41A4-94CC-8F029451EFE6}.Release|iPhoneSimulator.Build.0 = Release|Any CPU
		{FFFCF346-7B0A-41A4-94CC-8F029451EFE6}.Release|x64.ActiveCfg = Release|Any CPU
		{FFFCF346-7B0A-41A4-94CC-8F029451EFE6}.Release|x64.Build.0 = Release|Any CPU
		{FFFCF346-7B0A-41A4-94CC-8F029451EFE6}.Release|x86.ActiveCfg = Release|Any CPU
		{FFFCF346-7B0A-41A4-94CC-8F029451EFE6}.Release|x86.Build.0 = Release|Any CPU
		{970E31F2-1966-42AA-820F-D13E28FA960D}.Debug|Any CPU.ActiveCfg = Debug|Any CPU
		{970E31F2-1966-42AA-820F-D13E28FA960D}.Debug|Any CPU.Build.0 = Debug|Any CPU
		{970E31F2-1966-42AA-820F-D13E28FA960D}.Debug|ARM.ActiveCfg = Debug|Any CPU
		{970E31F2-1966-42AA-820F-D13E28FA960D}.Debug|ARM.Build.0 = Debug|Any CPU
		{970E31F2-1966-42AA-820F-D13E28FA960D}.Debug|iPhone.ActiveCfg = Debug|Any CPU
		{970E31F2-1966-42AA-820F-D13E28FA960D}.Debug|iPhone.Build.0 = Debug|Any CPU
		{970E31F2-1966-42AA-820F-D13E28FA960D}.Debug|iPhoneSimulator.ActiveCfg = Debug|Any CPU
		{970E31F2-1966-42AA-820F-D13E28FA960D}.Debug|iPhoneSimulator.Build.0 = Debug|Any CPU
		{970E31F2-1966-42AA-820F-D13E28FA960D}.Debug|x64.ActiveCfg = Debug|Any CPU
		{970E31F2-1966-42AA-820F-D13E28FA960D}.Debug|x64.Build.0 = Debug|Any CPU
		{970E31F2-1966-42AA-820F-D13E28FA960D}.Debug|x86.ActiveCfg = Debug|Any CPU
		{970E31F2-1966-42AA-820F-D13E28FA960D}.Debug|x86.Build.0 = Debug|Any CPU
		{970E31F2-1966-42AA-820F-D13E28FA960D}.Release|Any CPU.ActiveCfg = Release|Any CPU
		{970E31F2-1966-42AA-820F-D13E28FA960D}.Release|Any CPU.Build.0 = Release|Any CPU
		{970E31F2-1966-42AA-820F-D13E28FA960D}.Release|ARM.ActiveCfg = Release|Any CPU
		{970E31F2-1966-42AA-820F-D13E28FA960D}.Release|ARM.Build.0 = Release|Any CPU
		{970E31F2-1966-42AA-820F-D13E28FA960D}.Release|iPhone.ActiveCfg = Release|Any CPU
		{970E31F2-1966-42AA-820F-D13E28FA960D}.Release|iPhone.Build.0 = Release|Any CPU
		{970E31F2-1966-42AA-820F-D13E28FA960D}.Release|iPhoneSimulator.ActiveCfg = Release|Any CPU
		{970E31F2-1966-42AA-820F-D13E28FA960D}.Release|iPhoneSimulator.Build.0 = Release|Any CPU
		{970E31F2-1966-42AA-820F-D13E28FA960D}.Release|x64.ActiveCfg = Release|Any CPU
		{970E31F2-1966-42AA-820F-D13E28FA960D}.Release|x64.Build.0 = Release|Any CPU
		{970E31F2-1966-42AA-820F-D13E28FA960D}.Release|x86.ActiveCfg = Release|Any CPU
		{970E31F2-1966-42AA-820F-D13E28FA960D}.Release|x86.Build.0 = Release|Any CPU
		{39DF404C-9E3D-47EF-909D-B41237F9C866}.Debug|Any CPU.ActiveCfg = Debug|Any CPU
		{39DF404C-9E3D-47EF-909D-B41237F9C866}.Debug|Any CPU.Build.0 = Debug|Any CPU
		{39DF404C-9E3D-47EF-909D-B41237F9C866}.Debug|ARM.ActiveCfg = Debug|Any CPU
		{39DF404C-9E3D-47EF-909D-B41237F9C866}.Debug|ARM.Build.0 = Debug|Any CPU
		{39DF404C-9E3D-47EF-909D-B41237F9C866}.Debug|iPhone.ActiveCfg = Debug|Any CPU
		{39DF404C-9E3D-47EF-909D-B41237F9C866}.Debug|iPhone.Build.0 = Debug|Any CPU
		{39DF404C-9E3D-47EF-909D-B41237F9C866}.Debug|iPhoneSimulator.ActiveCfg = Debug|Any CPU
		{39DF404C-9E3D-47EF-909D-B41237F9C866}.Debug|iPhoneSimulator.Build.0 = Debug|Any CPU
		{39DF404C-9E3D-47EF-909D-B41237F9C866}.Debug|x64.ActiveCfg = Debug|Any CPU
		{39DF404C-9E3D-47EF-909D-B41237F9C866}.Debug|x64.Build.0 = Debug|Any CPU
		{39DF404C-9E3D-47EF-909D-B41237F9C866}.Debug|x86.ActiveCfg = Debug|Any CPU
		{39DF404C-9E3D-47EF-909D-B41237F9C866}.Debug|x86.Build.0 = Debug|Any CPU
		{39DF404C-9E3D-47EF-909D-B41237F9C866}.Release|Any CPU.ActiveCfg = Release|Any CPU
		{39DF404C-9E3D-47EF-909D-B41237F9C866}.Release|Any CPU.Build.0 = Release|Any CPU
		{39DF404C-9E3D-47EF-909D-B41237F9C866}.Release|ARM.ActiveCfg = Release|Any CPU
		{39DF404C-9E3D-47EF-909D-B41237F9C866}.Release|ARM.Build.0 = Release|Any CPU
		{39DF404C-9E3D-47EF-909D-B41237F9C866}.Release|iPhone.ActiveCfg = Release|Any CPU
		{39DF404C-9E3D-47EF-909D-B41237F9C866}.Release|iPhone.Build.0 = Release|Any CPU
		{39DF404C-9E3D-47EF-909D-B41237F9C866}.Release|iPhoneSimulator.ActiveCfg = Release|Any CPU
		{39DF404C-9E3D-47EF-909D-B41237F9C866}.Release|iPhoneSimulator.Build.0 = Release|Any CPU
		{39DF404C-9E3D-47EF-909D-B41237F9C866}.Release|x64.ActiveCfg = Release|Any CPU
		{39DF404C-9E3D-47EF-909D-B41237F9C866}.Release|x64.Build.0 = Release|Any CPU
		{39DF404C-9E3D-47EF-909D-B41237F9C866}.Release|x86.ActiveCfg = Release|Any CPU
		{39DF404C-9E3D-47EF-909D-B41237F9C866}.Release|x86.Build.0 = Release|Any CPU
		{68A36690-1934-4E57-B1AF-B28BD3320436}.Debug|Any CPU.ActiveCfg = Debug|Any CPU
		{68A36690-1934-4E57-B1AF-B28BD3320436}.Debug|Any CPU.Build.0 = Debug|Any CPU
		{68A36690-1934-4E57-B1AF-B28BD3320436}.Debug|ARM.ActiveCfg = Debug|Any CPU
		{68A36690-1934-4E57-B1AF-B28BD3320436}.Debug|ARM.Build.0 = Debug|Any CPU
		{68A36690-1934-4E57-B1AF-B28BD3320436}.Debug|iPhone.ActiveCfg = Debug|Any CPU
		{68A36690-1934-4E57-B1AF-B28BD3320436}.Debug|iPhone.Build.0 = Debug|Any CPU
		{68A36690-1934-4E57-B1AF-B28BD3320436}.Debug|iPhoneSimulator.ActiveCfg = Debug|Any CPU
		{68A36690-1934-4E57-B1AF-B28BD3320436}.Debug|iPhoneSimulator.Build.0 = Debug|Any CPU
		{68A36690-1934-4E57-B1AF-B28BD3320436}.Debug|x64.ActiveCfg = Debug|Any CPU
		{68A36690-1934-4E57-B1AF-B28BD3320436}.Debug|x64.Build.0 = Debug|Any CPU
		{68A36690-1934-4E57-B1AF-B28BD3320436}.Debug|x86.ActiveCfg = Debug|Any CPU
		{68A36690-1934-4E57-B1AF-B28BD3320436}.Debug|x86.Build.0 = Debug|Any CPU
		{68A36690-1934-4E57-B1AF-B28BD3320436}.Release|Any CPU.ActiveCfg = Release|Any CPU
		{68A36690-1934-4E57-B1AF-B28BD3320436}.Release|Any CPU.Build.0 = Release|Any CPU
		{68A36690-1934-4E57-B1AF-B28BD3320436}.Release|ARM.ActiveCfg = Release|Any CPU
		{68A36690-1934-4E57-B1AF-B28BD3320436}.Release|ARM.Build.0 = Release|Any CPU
		{68A36690-1934-4E57-B1AF-B28BD3320436}.Release|iPhone.ActiveCfg = Release|Any CPU
		{68A36690-1934-4E57-B1AF-B28BD3320436}.Release|iPhone.Build.0 = Release|Any CPU
		{68A36690-1934-4E57-B1AF-B28BD3320436}.Release|iPhoneSimulator.ActiveCfg = Release|Any CPU
		{68A36690-1934-4E57-B1AF-B28BD3320436}.Release|iPhoneSimulator.Build.0 = Release|Any CPU
		{68A36690-1934-4E57-B1AF-B28BD3320436}.Release|x64.ActiveCfg = Release|Any CPU
		{68A36690-1934-4E57-B1AF-B28BD3320436}.Release|x64.Build.0 = Release|Any CPU
		{68A36690-1934-4E57-B1AF-B28BD3320436}.Release|x86.ActiveCfg = Release|Any CPU
		{68A36690-1934-4E57-B1AF-B28BD3320436}.Release|x86.Build.0 = Release|Any CPU
	EndGlobalSection
	GlobalSection(SolutionProperties) = preSolution
		HideSolutionNode = FALSE
	EndGlobalSection
	GlobalSection(ExtensibilityGlobals) = postSolution
		SolutionGuid = {CE5AF865-9E70-4CCD-8237-9679C9D34DA5}
	EndGlobalSection
EndGlobal
